
Microsoft Visual Studio Solution File, Format Version 12.00
# Visual Studio Version 17
VisualStudioVersion = 17.10.34928.147
MinimumVisualStudioVersion = 10.0.40219.1
Project("{FAE04EC0-301F-11D3-BF4B-00C04F79EFBC}") = "Split-Word-document-by-headings", "Split-Word-document-by-headings\Split-Word-document-by-headings.csproj", "{53FF86C4-77D4-43C1-B798-E6336A8D6201}"
EndProject
Global
	GlobalSection(SolutionConfigurationPlatforms) = preSolution
		Debug|Any CPU = Debug|Any CPU
		Release|Any CPU = Release|Any CPU
	EndGlobalSection
	GlobalSection(ProjectConfigurationPlatforms) = postSolution
		{53FF86C4-77D4-43C1-B798-E6336A8D6201}.Debug|Any CPU.ActiveCfg = Debug|Any CPU
		{53FF86C4-77D4-43C1-B798-E6336A8D6201}.Debug|Any CPU.Build.0 = Debug|Any CPU
		{53FF86C4-77D4-43C1-B798-E6336A8D6201}.Release|Any CPU.ActiveCfg = Release|Any CPU
		{53FF86C4-77D4-43C1-B798-E6336A8D6201}.Release|Any CPU.Build.0 = Release|Any CPU
	EndGlobalSection
	GlobalSection(SolutionProperties) = preSolution
		HideSolutionNode = FALSE
	EndGlobalSection
	GlobalSection(ExtensibilityGlobals) = postSolution
		SolutionGuid = {D705A4DB-1F39-493B-B4CB-2B08EDC3B31D}
	EndGlobalSection
EndGlobal
